
Microsoft Visual Studio Solution File, Format Version 12.00
# Visual Studio Version 16
VisualStudioVersion = 16.0.29509.3
MinimumVisualStudioVersion = 10.0.40219.1
Project("{FAE04EC0-301F-11D3-BF4B-00C04F79EFBC}") = "Lab 1- Anthony Musarra", "Lab 1- Anthony Musarra\Lab 1- Anthony Musarra.csproj", "{83E0E96E-2225-4CF5-9EAC-1C453901C303}"
EndProject
Global
	GlobalSection(SolutionConfigurationPlatforms) = preSolution
		Debug|Any CPU = Debug|Any CPU
		Release|Any CPU = Release|Any CPU
	EndGlobalSection
	GlobalSection(ProjectConfigurationPlatforms) = postSolution
		{83E0E96E-2225-4CF5-9EAC-1C453901C303}.Debug|Any CPU.ActiveCfg = Debug|Any CPU
		{83E0E96E-2225-4CF5-9EAC-1C453901C303}.Debug|Any CPU.Build.0 = Debug|Any CPU
		{83E0E96E-2225-4CF5-9EAC-1C453901C303}.Release|Any CPU.ActiveCfg = Release|Any CPU
		{83E0E96E-2225-4CF5-9EAC-1C453901C303}.Release|Any CPU.Build.0 = Release|Any CPU
	EndGlobalSection
	GlobalSection(SolutionProperties) = preSolution
		HideSolutionNode = FALSE
	EndGlobalSection
	GlobalSection(ExtensibilityGlobals) = postSolution
		SolutionGuid = {D5EC96B8-8845-489A-9819-EF0347348857}
	EndGlobalSection
EndGlobal
